{
  "name": "express-useragent-js-1",
  "version": "1.0.0",
  "lockfileVersion": 2,
  "requires": true,
  "packages": {
    "": {
      "name": "express-useragent-js-1",
      "version": "1.0.0",
      "license": "ISC",
      "dependencies": {
        "express-useragent": "^1.0.15"
      }
    },
    "node_modules/express-useragent": {
      "version": "1.0.15",
      "resolved": "https://registry.npmjs.org/express-useragent/-/express-useragent-1.0.15.tgz",
      "integrity": "sha512-eq5xMiYCYwFPoekffMjvEIk+NWdlQY9Y38OsTyl13IvA728vKT+q/CSERYWzcw93HGBJcIqMIsZC5CZGARPVdg==",
      "engines": {
        "node": ">=4.5"
      }
    }
  },
  "dependencies": {
    "express-useragent": {
      "version": "1.0.15",
      "resolved": "https://registry.npmjs.org/express-useragent/-/express-useragent-1.0.15.tgz",
      "integrity": "sha512-eq5xMiYCYwFPoekffMjvEIk+NWdlQY9Y38OsTyl13IvA728vKT+q/CSERYWzcw93HGBJcIqMIsZC5CZGARPVdg=="
    }
  }
}
