{
  "name": "woothee-js-1",
  "version": "1.0.0",
  "lockfileVersion": 2,
  "requires": true,
  "packages": {
    "": {
      "name": "woothee-js-1",
      "version": "1.0.0",
      "license": "ISC",
      "dependencies": {
        "woothee": "^1.11.1"
      }
    },
    "node_modules/woothee": {
      "version": "1.11.1",
      "resolved": "https://registry.npmjs.org/woothee/-/woothee-1.11.1.tgz",
      "integrity": "sha512-KdArM3MsNa5tlSBSL29w9ouy9MXZoFPeUdPVnL4QZH3iyV8HsqnwbWw2YLiXEx2wAh0bM55dnl0+qDE6KHBlhQ=="
    }
  },
  "dependencies": {
    "woothee": {
      "version": "1.11.1",
      "resolved": "https://registry.npmjs.org/woothee/-/woothee-1.11.1.tgz",
      "integrity": "sha512-KdArM3MsNa5tlSBSL29w9ouy9MXZoFPeUdPVnL4QZH3iyV8HsqnwbWw2YLiXEx2wAh0bM55dnl0+qDE6KHBlhQ=="
    }
  }
}
