{
  "name": "financial-times-useragent_parser-1",
  "version": "1.0.0",
  "lockfileVersion": 2,
  "requires": true,
  "packages": {
    "": {
      "name": "financial-times-useragent_parser-1",
      "version": "1.0.0",
      "license": "ISC",
      "dependencies": {
        "@financial-times/useragent_parser": "^1.6.0"
      }
    },
    "node_modules/@financial-times/useragent_parser": {
      "version": "1.6.0",
      "resolved": "https://registry.npmjs.org/@financial-times/useragent_parser/-/useragent_parser-1.6.0.tgz",
      "integrity": "sha512-v6Ucl//xSVhpyTtHMVCA9uv9W7CVwj8vBAQFKFDkfGC1DquBobOMhnzH9Odc+Tunf+i4WRnNgt90fQ7CSAbU3g=="
    }
  },
  "dependencies": {
    "@financial-times/useragent_parser": {
      "version": "1.6.0",
      "resolved": "https://registry.npmjs.org/@financial-times/useragent_parser/-/useragent_parser-1.6.0.tgz",
      "integrity": "sha512-v6Ucl//xSVhpyTtHMVCA9uv9W7CVwj8vBAQFKFDkfGC1DquBobOMhnzH9Odc+Tunf+i4WRnNgt90fQ7CSAbU3g=="
    }
  }
}
