{
  "name": "financial-times-useragent_parser-1",
  "version": "1.0.0",
  "lockfileVersion": 2,
  "requires": true,
  "packages": {
    "": {
      "name": "financial-times-useragent_parser-1",
      "version": "1.0.0",
      "license": "ISC",
      "dependencies": {
        "@financial-times/useragent_parser": "^1.6.0"
      }
    },
    "node_modules/@financial-times/useragent_parser": {
      "version": "1.6.3",
      "resolved": "https://registry.npmjs.org/@financial-times/useragent_parser/-/useragent_parser-1.6.3.tgz",
      "integrity": "sha512-TlQiXt/vS5ZwY0V3salvlyQzIzMGZEyw9inmJA25A8heL2kBVENbToiEc64R6ETNf5YHa2lwnc2I7iNHP9SqeQ=="
    }
  },
  "dependencies": {
    "@financial-times/useragent_parser": {
      "version": "1.6.3",
      "resolved": "https://registry.npmjs.org/@financial-times/useragent_parser/-/useragent_parser-1.6.3.tgz",
      "integrity": "sha512-TlQiXt/vS5ZwY0V3salvlyQzIzMGZEyw9inmJA25A8heL2kBVENbToiEc64R6ETNf5YHa2lwnc2I7iNHP9SqeQ=="
    }
  }
}
