{
  "name": "whichbrowser-js-0",
  "version": "1.0.0",
  "lockfileVersion": 2,
  "requires": true,
  "packages": {
    "": {
      "name": "whichbrowser-js-0",
      "version": "1.0.0",
      "license": "ISC",
      "dependencies": {
        "which-browser": "^0.5.1"
      }
    },
    "node_modules/which-browser": {
      "version": "0.5.1",
      "resolved": "https://registry.npmjs.org/which-browser/-/which-browser-0.5.1.tgz",
      "integrity": "sha512-MulGxP+e6dN62chtrKRPRftpyAqt870E8KtonNRwuOn5hilWkNW4MUbsXxNy1IdyrPD8xKKFLqLbuYV1pOIi4Q==",
      "engines": {
        "node": ">=6.0.0"
      }
    }
  },
  "dependencies": {
    "which-browser": {
      "version": "0.5.1",
      "resolved": "https://registry.npmjs.org/which-browser/-/which-browser-0.5.1.tgz",
      "integrity": "sha512-MulGxP+e6dN62chtrKRPRftpyAqt870E8KtonNRwuOn5hilWkNW4MUbsXxNy1IdyrPD8xKKFLqLbuYV1pOIi4Q=="
    }
  }
}
