{
  "name": "device-detector-js-3",
  "version": "1.0.0",
  "lockfileVersion": 2,
  "requires": true,
  "packages": {
    "": {
      "name": "device-detector-js-3",
      "version": "1.0.0",
      "license": "ISC",
      "dependencies": {
        "device-detector-js": "^3.0.0"
      }
    },
    "node_modules/device-detector-js": {
      "version": "3.0.1",
      "resolved": "https://registry.npmjs.org/device-detector-js/-/device-detector-js-3.0.1.tgz",
      "integrity": "sha512-sfH78Mzy9BZn/DW1fCyInaZfQYlW7s8KbylsxIMHjnOi0ybI2+9Za97uB3EijXLAWoe6ud0agnprGY2nYk654w==",
      "engines": {
        "node": ">= 8.11.4"
      }
    }
  },
  "dependencies": {
    "device-detector-js": {
      "version": "3.0.1",
      "resolved": "https://registry.npmjs.org/device-detector-js/-/device-detector-js-3.0.1.tgz",
      "integrity": "sha512-sfH78Mzy9BZn/DW1fCyInaZfQYlW7s8KbylsxIMHjnOi0ybI2+9Za97uB3EijXLAWoe6ud0agnprGY2nYk654w=="
    }
  }
}
