{
  "name": "journyio-user-agent-parser-1",
  "version": "1.0.0",
  "lockfileVersion": 2,
  "requires": true,
  "packages": {
    "": {
      "name": "journyio-user-agent-parser-1",
      "version": "1.0.0",
      "license": "ISC",
      "dependencies": {
        "@journyio/user-agent-parser": "^1.0.2"
      }
    },
    "node_modules/@journyio/user-agent-parser": {
      "version": "1.0.2",
      "resolved": "https://registry.npmjs.org/@journyio/user-agent-parser/-/user-agent-parser-1.0.2.tgz",
      "integrity": "sha512-4VTi3nmZkxcqTXJ3dc7pxC3jiCzhihZ8lvJbfTj2B0TpdJGVFr2E+GAxkt5zMZxIcQriWAwfjSCaLnZeF63rJQ=="
    }
  },
  "dependencies": {
    "@journyio/user-agent-parser": {
      "version": "1.0.2",
      "resolved": "https://registry.npmjs.org/@journyio/user-agent-parser/-/user-agent-parser-1.0.2.tgz",
      "integrity": "sha512-4VTi3nmZkxcqTXJ3dc7pxC3jiCzhihZ8lvJbfTj2B0TpdJGVFr2E+GAxkt5zMZxIcQriWAwfjSCaLnZeF63rJQ=="
    }
  }
}
