{
  "name": "amplitude-ua-parser-js-1",
  "version": "1.0.0",
  "lockfileVersion": 2,
  "requires": true,
  "packages": {
    "": {
      "name": "amplitude-ua-parser-js-1",
      "version": "1.0.0",
      "license": "ISC",
      "dependencies": {
        "@amplitude/ua-parser-js": "^0.7.26"
      }
    },
    "node_modules/@amplitude/ua-parser-js": {
      "version": "0.7.26",
      "resolved": "https://registry.npmjs.org/@amplitude/ua-parser-js/-/ua-parser-js-0.7.26.tgz",
      "integrity": "sha512-62/Rid6YQ7F2KT/5vTre41Y26ivrEoFC8lbrsJZqBKaiXMJWG0YpNv9RgxNSaZS2jPLVQgoB/FFeWxihOLfIcg==",
      "funding": [
        {
          "type": "opencollective",
          "url": "https://opencollective.com/ua-parser-js"
        },
        {
          "type": "paypal",
          "url": "https://paypal.me/faisalman"
        }
      ],
      "engines": {
        "node": "*"
      }
    }
  },
  "dependencies": {
    "@amplitude/ua-parser-js": {
      "version": "0.7.26",
      "resolved": "https://registry.npmjs.org/@amplitude/ua-parser-js/-/ua-parser-js-0.7.26.tgz",
      "integrity": "sha512-62/Rid6YQ7F2KT/5vTre41Y26ivrEoFC8lbrsJZqBKaiXMJWG0YpNv9RgxNSaZS2jPLVQgoB/FFeWxihOLfIcg=="
    }
  }
}
