{
  "name": "amplitude-ua-parser-js-1",
  "version": "1.0.0",
  "lockfileVersion": 2,
  "requires": true,
  "packages": {
    "": {
      "name": "amplitude-ua-parser-js-1",
      "version": "1.0.0",
      "license": "ISC",
      "dependencies": {
        "@amplitude/ua-parser-js": "^0.7.33"
      }
    },
    "node_modules/@amplitude/ua-parser-js": {
      "version": "0.7.33",
      "resolved": "https://registry.npmjs.org/@amplitude/ua-parser-js/-/ua-parser-js-0.7.33.tgz",
      "integrity": "sha512-wKEtVR4vXuPT9cVEIJkYWnlF++Gx3BdLatPBM+SZ1ztVIvnhdGBZR/mn9x/PzyrMcRlZmyi6L56I2J3doVBnjA==",
      "funding": [
        {
          "type": "opencollective",
          "url": "https://opencollective.com/ua-parser-js"
        },
        {
          "type": "paypal",
          "url": "https://paypal.me/faisalman"
        }
      ],
      "engines": {
        "node": "*"
      }
    }
  },
  "dependencies": {
    "@amplitude/ua-parser-js": {
      "version": "0.7.33",
      "resolved": "https://registry.npmjs.org/@amplitude/ua-parser-js/-/ua-parser-js-0.7.33.tgz",
      "integrity": "sha512-wKEtVR4vXuPT9cVEIJkYWnlF++Gx3BdLatPBM+SZ1ztVIvnhdGBZR/mn9x/PzyrMcRlZmyi6L56I2J3doVBnjA=="
    }
  }
}
