{
  "name": "fex-uadevice-js-0",
  "version": "1.0.0",
  "lockfileVersion": 2,
  "requires": true,
  "packages": {
    "": {
      "name": "fex-uadevice-js-0",
      "version": "1.0.0",
      "license": "ISC",
      "dependencies": {
        "ua-device": "^0.1.10"
      }
    },
    "node_modules/ua-device": {
      "version": "0.1.10",
      "resolved": "https://registry.npmjs.org/ua-device/-/ua-device-0.1.10.tgz",
      "integrity": "sha512-jmmN9PYRqejLof/B6AKcuuwMImATCTPryK7ZvCZWD29rwF3gfEQOOs42sC9kHfWfPPHm1IBn+egfXLGQ31p4/g=="
    }
  },
  "dependencies": {
    "ua-device": {
      "version": "0.1.10",
      "resolved": "https://registry.npmjs.org/ua-device/-/ua-device-0.1.10.tgz",
      "integrity": "sha512-jmmN9PYRqejLof/B6AKcuuwMImATCTPryK7ZvCZWD29rwF3gfEQOOs42sC9kHfWfPPHm1IBn+egfXLGQ31p4/g=="
    }
  }
}
