{
  "name": "vigour-ua-js-4",
  "version": "1.0.0",
  "lockfileVersion": 2,
  "requires": true,
  "packages": {
    "": {
      "name": "vigour-ua-js-4",
      "version": "1.0.0",
      "license": "ISC",
      "dependencies": {
        "vigour-ua": "^4.0.0"
      }
    },
    "node_modules/vigour-ua": {
      "version": "4.0.0",
      "resolved": "https://registry.npmjs.org/vigour-ua/-/vigour-ua-4.0.0.tgz",
      "integrity": "sha512-buPq2veczCUELL5WwwUIh3fPVMAwu50zfSlzGftAVHLksvLC+bYNsDgbumpmfe/YN/tnTN47sm/27VB4BhdKXQ=="
    }
  },
  "dependencies": {
    "vigour-ua": {
      "version": "4.0.0",
      "resolved": "https://registry.npmjs.org/vigour-ua/-/vigour-ua-4.0.0.tgz",
      "integrity": "sha512-buPq2veczCUELL5WwwUIh3fPVMAwu50zfSlzGftAVHLksvLC+bYNsDgbumpmfe/YN/tnTN47sm/27VB4BhdKXQ=="
    }
  }
}
